
Microsoft Visual Studio Solution File, Format Version 12.00
# Visual Studio Version 17
VisualStudioVersion = 17.4.33213.308
MinimumVisualStudioVersion = 10.0.40219.1
Project("{9A19103F-16F7-4668-BE54-9A1E7A4F7556}") = "MLNET.Example.Peoples", "MLNET.Example.Peoples\MLNET.Example.Peoples.csproj", "{8B477430-7C1A-40E4-B817-9A19DBF815BB}"
EndProject
Project("{9A19103F-16F7-4668-BE54-9A1E7A4F7556}") = "MLModel1_ModelBuilderGenerate", "MLModel1_ConsoleApp1\MLModel1_ModelBuilderGenerate.csproj", "{6F0A71F8-9673-4C68-8FB1-B870E191218D}"
EndProject
Global
	GlobalSection(SolutionConfigurationPlatforms) = preSolution
		Debug|Any CPU = Debug|Any CPU
		Release|Any CPU = Release|Any CPU
	EndGlobalSection
	GlobalSection(ProjectConfigurationPlatforms) = postSolution
		{8B477430-7C1A-40E4-B817-9A19DBF815BB}.Debug|Any CPU.ActiveCfg = Debug|Any CPU
		{8B477430-7C1A-40E4-B817-9A19DBF815BB}.Debug|Any CPU.Build.0 = Debug|Any CPU
		{8B477430-7C1A-40E4-B817-9A19DBF815BB}.Release|Any CPU.ActiveCfg = Release|Any CPU
		{8B477430-7C1A-40E4-B817-9A19DBF815BB}.Release|Any CPU.Build.0 = Release|Any CPU
		{6F0A71F8-9673-4C68-8FB1-B870E191218D}.Debug|Any CPU.ActiveCfg = Debug|Any CPU
		{6F0A71F8-9673-4C68-8FB1-B870E191218D}.Debug|Any CPU.Build.0 = Debug|Any CPU
		{6F0A71F8-9673-4C68-8FB1-B870E191218D}.Release|Any CPU.ActiveCfg = Release|Any CPU
		{6F0A71F8-9673-4C68-8FB1-B870E191218D}.Release|Any CPU.Build.0 = Release|Any CPU
	EndGlobalSection
	GlobalSection(SolutionProperties) = preSolution
		HideSolutionNode = FALSE
	EndGlobalSection
	GlobalSection(ExtensibilityGlobals) = postSolution
		SolutionGuid = {76493006-90E8-4623-99EC-84BDA2C27D98}
	EndGlobalSection
EndGlobal
